
Microsoft Visual Studio Solution File, Format Version 12.00
# Visual Studio Version 16
VisualStudioVersion = 16.0.32228.343
MinimumVisualStudioVersion = 10.0.40219.1
Project("{FAE04EC0-301F-11D3-BF4B-00C04F79EFBC}") = "Arrays6.27.22", "Arrays6.27.22\Arrays6.27.22.csproj", "{06352B1D-D033-4920-A820-E963963523B6}"
EndProject
Global
	GlobalSection(SolutionConfigurationPlatforms) = preSolution
		Debug|Any CPU = Debug|Any CPU
		Release|Any CPU = Release|Any CPU
	EndGlobalSection
	GlobalSection(ProjectConfigurationPlatforms) = postSolution
		{06352B1D-D033-4920-A820-E963963523B6}.Debug|Any CPU.ActiveCfg = Debug|Any CPU
		{06352B1D-D033-4920-A820-E963963523B6}.Debug|Any CPU.Build.0 = Debug|Any CPU
		{06352B1D-D033-4920-A820-E963963523B6}.Release|Any CPU.ActiveCfg = Release|Any CPU
		{06352B1D-D033-4920-A820-E963963523B6}.Release|Any CPU.Build.0 = Release|Any CPU
	EndGlobalSection
	GlobalSection(SolutionProperties) = preSolution
		HideSolutionNode = FALSE
	EndGlobalSection
	GlobalSection(ExtensibilityGlobals) = postSolution
		SolutionGuid = {BDCFE990-7684-4557-A341-8FE7287DE60F}
	EndGlobalSection
EndGlobal
